
Microsoft Visual Studio Solution File, Format Version 12.00
# Visual Studio 15
VisualStudioVersion = 15.0.27130.0
MinimumVisualStudioVersion = 10.0.40219.1
Project("{FAE04EC0-301F-11D3-BF4B-00C04F79EFBC}") = "Intelligent Feedback", "Intelligent Feedback\Intelligent Feedback.csproj", "{657E32B2-91C1-4B46-8523-1C49E39FC0D4}"
EndProject
Global
	GlobalSection(SolutionConfigurationPlatforms) = preSolution
		Debug|Any CPU = Debug|Any CPU
		Release|Any CPU = Release|Any CPU
	EndGlobalSection
	GlobalSection(ProjectConfigurationPlatforms) = postSolution
		{657E32B2-91C1-4B46-8523-1C49E39FC0D4}.Debug|Any CPU.ActiveCfg = Debug|Any CPU
		{657E32B2-91C1-4B46-8523-1C49E39FC0D4}.Debug|Any CPU.Build.0 = Debug|Any CPU
		{657E32B2-91C1-4B46-8523-1C49E39FC0D4}.Release|Any CPU.ActiveCfg = Release|Any CPU
		{657E32B2-91C1-4B46-8523-1C49E39FC0D4}.Release|Any CPU.Build.0 = Release|Any CPU
	EndGlobalSection
	GlobalSection(SolutionProperties) = preSolution
		HideSolutionNode = FALSE
	EndGlobalSection
	GlobalSection(ExtensibilityGlobals) = postSolution
		SolutionGuid = {0EE3D92F-4232-440A-BD01-2B5600F521A4}
	EndGlobalSection
EndGlobal
